
Microsoft Visual Studio Solution File, Format Version 12.00
# Visual Studio 14
VisualStudioVersion = 14.0.25420.1
MinimumVisualStudioVersion = 10.0.40219.1
Project("{F2A71F9B-5D33-465A-A702-920D77279786}") = "Day01", "Day01\Day01.fsproj", "{B824B141-C8DC-4623-86E2-95A23F4DB0DD}"
EndProject
Project("{F2A71F9B-5D33-465A-A702-920D77279786}") = "Day02", "Day02\Day02.fsproj", "{CB618E03-C082-4E6A-B6EA-F5982876BF47}"
EndProject
Project("{F2A71F9B-5D33-465A-A702-920D77279786}") = "Day03", "Day03\Day03.fsproj", "{647FB250-F11F-4BA4-B106-B29F55EED772}"
EndProject
Project("{F2A71F9B-5D33-465A-A702-920D77279786}") = "Day04", "Day04\Day04.fsproj", "{38A2AAC6-A36F-4C83-A985-4BAB5FE16843}"
EndProject
Project("{F2A71F9B-5D33-465A-A702-920D77279786}") = "Day05", "Day05\Day05.fsproj", "{1B6CC38F-658A-401C-8E54-637A09A215DB}"
EndProject
Project("{F2A71F9B-5D33-465A-A702-920D77279786}") = "Day06", "Day06\Day06.fsproj", "{AA6DCA05-E79E-470A-8A72-2C625E6868BC}"
EndProject
Project("{F2A71F9B-5D33-465A-A702-920D77279786}") = "Day07", "Day07\Day07.fsproj", "{00C8AF37-449F-44EF-8B0D-E73F07D2D007}"
EndProject
Project("{F2A71F9B-5D33-465A-A702-920D77279786}") = "Day08", "Day08\Day08.fsproj", "{871E21D0-EED0-4D0D-8E13-D725E0125ADA}"
EndProject
Project("{F2A71F9B-5D33-465A-A702-920D77279786}") = "Day09", "Day09\Day09.fsproj", "{225747B6-315C-46E3-9AE0-2BE65F502053}"
EndProject
Global
	GlobalSection(SolutionConfigurationPlatforms) = preSolution
		Debug|Any CPU = Debug|Any CPU
		Release|Any CPU = Release|Any CPU
	EndGlobalSection
	GlobalSection(ProjectConfigurationPlatforms) = postSolution
		{B824B141-C8DC-4623-86E2-95A23F4DB0DD}.Debug|Any CPU.ActiveCfg = Debug|Any CPU
		{B824B141-C8DC-4623-86E2-95A23F4DB0DD}.Debug|Any CPU.Build.0 = Debug|Any CPU
		{B824B141-C8DC-4623-86E2-95A23F4DB0DD}.Release|Any CPU.ActiveCfg = Release|Any CPU
		{B824B141-C8DC-4623-86E2-95A23F4DB0DD}.Release|Any CPU.Build.0 = Release|Any CPU
		{CB618E03-C082-4E6A-B6EA-F5982876BF47}.Debug|Any CPU.ActiveCfg = Debug|Any CPU
		{CB618E03-C082-4E6A-B6EA-F5982876BF47}.Debug|Any CPU.Build.0 = Debug|Any CPU
		{CB618E03-C082-4E6A-B6EA-F5982876BF47}.Release|Any CPU.ActiveCfg = Release|Any CPU
		{CB618E03-C082-4E6A-B6EA-F5982876BF47}.Release|Any CPU.Build.0 = Release|Any CPU
		{647FB250-F11F-4BA4-B106-B29F55EED772}.Debug|Any CPU.ActiveCfg = Debug|Any CPU
		{647FB250-F11F-4BA4-B106-B29F55EED772}.Debug|Any CPU.Build.0 = Debug|Any CPU
		{647FB250-F11F-4BA4-B106-B29F55EED772}.Release|Any CPU.ActiveCfg = Release|Any CPU
		{647FB250-F11F-4BA4-B106-B29F55EED772}.Release|Any CPU.Build.0 = Release|Any CPU
		{38A2AAC6-A36F-4C83-A985-4BAB5FE16843}.Debug|Any CPU.ActiveCfg = Debug|Any CPU
		{38A2AAC6-A36F-4C83-A985-4BAB5FE16843}.Debug|Any CPU.Build.0 = Debug|Any CPU
		{38A2AAC6-A36F-4C83-A985-4BAB5FE16843}.Release|Any CPU.ActiveCfg = Release|Any CPU
		{38A2AAC6-A36F-4C83-A985-4BAB5FE16843}.Release|Any CPU.Build.0 = Release|Any CPU
		{1B6CC38F-658A-401C-8E54-637A09A215DB}.Debug|Any CPU.ActiveCfg = Debug|Any CPU
		{1B6CC38F-658A-401C-8E54-637A09A215DB}.Debug|Any CPU.Build.0 = Debug|Any CPU
		{1B6CC38F-658A-401C-8E54-637A09A215DB}.Release|Any CPU.ActiveCfg = Release|Any CPU
		{1B6CC38F-658A-401C-8E54-637A09A215DB}.Release|Any CPU.Build.0 = Release|Any CPU
		{AA6DCA05-E79E-470A-8A72-2C625E6868BC}.Debug|Any CPU.ActiveCfg = Debug|Any CPU
		{AA6DCA05-E79E-470A-8A72-2C625E6868BC}.Debug|Any CPU.Build.0 = Debug|Any CPU
		{AA6DCA05-E79E-470A-8A72-2C625E6868BC}.Release|Any CPU.ActiveCfg = Release|Any CPU
		{AA6DCA05-E79E-470A-8A72-2C625E6868BC}.Release|Any CPU.Build.0 = Release|Any CPU
		{00C8AF37-449F-44EF-8B0D-E73F07D2D007}.Debug|Any CPU.ActiveCfg = Debug|Any CPU
		{00C8AF37-449F-44EF-8B0D-E73F07D2D007}.Debug|Any CPU.Build.0 = Debug|Any CPU
		{00C8AF37-449F-44EF-8B0D-E73F07D2D007}.Release|Any CPU.ActiveCfg = Release|Any CPU
		{00C8AF37-449F-44EF-8B0D-E73F07D2D007}.Release|Any CPU.Build.0 = Release|Any CPU
		{871E21D0-EED0-4D0D-8E13-D725E0125ADA}.Debug|Any CPU.ActiveCfg = Debug|Any CPU
		{871E21D0-EED0-4D0D-8E13-D725E0125ADA}.Debug|Any CPU.Build.0 = Debug|Any CPU
		{871E21D0-EED0-4D0D-8E13-D725E0125ADA}.Release|Any CPU.ActiveCfg = Release|Any CPU
		{871E21D0-EED0-4D0D-8E13-D725E0125ADA}.Release|Any CPU.Build.0 = Release|Any CPU
		{225747B6-315C-46E3-9AE0-2BE65F502053}.Debug|Any CPU.ActiveCfg = Debug|Any CPU
		{225747B6-315C-46E3-9AE0-2BE65F502053}.Debug|Any CPU.Build.0 = Debug|Any CPU
		{225747B6-315C-46E3-9AE0-2BE65F502053}.Release|Any CPU.ActiveCfg = Release|Any CPU
		{225747B6-315C-46E3-9AE0-2BE65F502053}.Release|Any CPU.Build.0 = Release|Any CPU
	EndGlobalSection
	GlobalSection(SolutionProperties) = preSolution
		HideSolutionNode = FALSE
	EndGlobalSection
EndGlobal
